# THIS IS AN AUTOGENERATED FILE. DO NOT EDIT THIS FILE DIRECTLY.
# yarn lockfile v1


"@react-navigation/bottom-tabs@^7.4.6":
  version "7.4.6"
  resolved "https://registry.yarnpkg.com/@react-navigation/bottom-tabs/-/bottom-tabs-7.4.6.tgz#a7c7b4347d9349babc1d481fc59f814dbe7d7222"
  integrity sha512-f4khxwcL70O5aKfZFbxyBo5RnzPFnBNSXmrrT7q9CRmvN4mHov9KFKGQ3H4xD5sLonsTBtyjvyvPfyEC4G7f+g==
  dependencies:
    "@react-navigation/elements" "^2.6.3"
    color "^4.2.3"

"@react-navigation/core@^7.12.4":
  version "7.12.4"
  resolved "https://registry.yarnpkg.com/@react-navigation/core/-/core-7.12.4.tgz#73cc4c0989455c93bf21d7aeecc89d3a7006ccde"
  integrity sha512-xLFho76FA7v500XID5z/8YfGTvjQPw7/fXsq4BIrVSqetNe/o/v+KAocEw4ots6kyv3XvSTyiWKh2g3pN6xZ9Q==
  dependencies:
    "@react-navigation/routers" "^7.5.1"
    escape-string-regexp "^4.0.0"
    nanoid "^3.3.11"
    query-string "^7.1.3"
    react-is "^19.1.0"
    use-latest-callback "^0.2.4"
    use-sync-external-store "^1.5.0"

"@react-navigation/elements@^2.6.3":
  version "2.6.3"
  resolved "https://registry.yarnpkg.com/@react-navigation/elements/-/elements-2.6.3.tgz#77cc4d989c0831ec59dc87b982f18bc644ac8e67"
  integrity sha512-hcPXssZg5bFD5oKX7FP0D9ZXinRgPUHkUJbTegpenSEUJcPooH1qzWJkEP22GrtO+OPDLYrCVZxEX8FcMrn4pA==
  dependencies:
    color "^4.2.3"
    use-latest-callback "^0.2.4"
    use-sync-external-store "^1.5.0"

"@react-navigation/native@^7.1.17":
  version "7.1.17"
  resolved "https://registry.yarnpkg.com/@react-navigation/native/-/native-7.1.17.tgz#88d557c0f5000aa2741e4368c59719526f1394c4"
  integrity sha512-uEcYWi1NV+2Qe1oELfp9b5hTYekqWATv2cuwcOAg5EvsIsUPtzFrKIasgUXLBRGb9P7yR5ifoJ+ug4u6jdqSTQ==
  dependencies:
    "@react-navigation/core" "^7.12.4"
    escape-string-regexp "^4.0.0"
    fast-deep-equal "^3.1.3"
    nanoid "^3.3.11"
    use-latest-callback "^0.2.4"

"@react-navigation/routers@^7.5.1":
  version "7.5.1"
  resolved "https://registry.yarnpkg.com/@react-navigation/routers/-/routers-7.5.1.tgz#b8f6e9b491fdc1bc7164fdac4fa4faa82f397daf"
  integrity sha512-pxipMW/iEBSUrjxz2cDD7fNwkqR4xoi0E/PcfTQGCcdJwLoaxzab5kSadBLj1MTJyT0YRrOXL9umHpXtp+Dv4w==
  dependencies:
    nanoid "^3.3.11"

"@react-navigation/stack@^7.4.7":
  version "7.4.7"
  resolved "https://registry.yarnpkg.com/@react-navigation/stack/-/stack-7.4.7.tgz#452ddfc26610e8e6539adb3efbb9ad4f54ebb70c"
  integrity sha512-1VDxuou+iZXEK7o+ZtCIU3b+upAwLFolptEKX+GldUy78GR66hltPxmu8bJeb2ZcgUSowBTHw03kNY1gyOdW3g==
  dependencies:
    "@react-navigation/elements" "^2.6.3"
    color "^4.2.3"

color-convert@^2.0.1:
  version "2.0.1"
  resolved "https://registry.yarnpkg.com/color-convert/-/color-convert-2.0.1.tgz#72d3a68d598c9bdb3af2ad1e84f21d896abd4de3"
  integrity sha512-RRECPsj7iu/xb5oKYcsFHSppFNnsj/52OVTRKb4zP5onXwVF3zVmmToNcOfGC+CRDpfK/U584fMg38ZHCaElKQ==
  dependencies:
    color-name "~1.1.4"

color-name@^1.0.0, color-name@~1.1.4:
  version "1.1.4"
  resolved "https://registry.yarnpkg.com/color-name/-/color-name-1.1.4.tgz#c2a09a87acbde69543de6f63fa3995c826c536a2"
  integrity sha512-dOy+3AuW3a2wNbZHIuMZpTcgjGuLU/uBL/ubcZF9OXbDo8ff4O8yVp5Bf0efS8uEoYo5q4Fx7dY9OgQGXgAsQA==

color-string@^1.9.0:
  version "1.9.1"
  resolved "https://registry.yarnpkg.com/color-string/-/color-string-1.9.1.tgz#4467f9146f036f855b764dfb5bf8582bf342c7a4"
  integrity sha512-shrVawQFojnZv6xM40anx4CkoDP+fZsw/ZerEMsW/pyzsRbElpsL/DBVW7q3ExxwusdNXI3lXpuhEZkzs8p5Eg==
  dependencies:
    color-name "^1.0.0"
    simple-swizzle "^0.2.2"

color@^4.2.3:
  version "4.2.3"
  resolved "https://registry.yarnpkg.com/color/-/color-4.2.3.tgz#d781ecb5e57224ee43ea9627560107c0e0c6463a"
  integrity sha512-1rXeuUUiGGrykh+CeBdu5Ie7OJwinCgQY0bc7GCRxy5xVHy+moaqkpL/jqQq0MtQOeYcrqEz4abc5f0KtU7W4A==
  dependencies:
    color-convert "^2.0.1"
    color-string "^1.9.0"

decode-uri-component@^0.2.2:
  version "0.2.2"
  resolved "https://registry.yarnpkg.com/decode-uri-component/-/decode-uri-component-0.2.2.tgz#e69dbe25d37941171dd540e024c444cd5188e1e9"
  integrity sha512-FqUYQ+8o158GyGTrMFJms9qh3CqTKvAqgqsTnkLI8sKu0028orqBhxNMFkFen0zGyg6epACD32pjVk58ngIErQ==

escape-string-regexp@^4.0.0:
  version "4.0.0"
  resolved "https://registry.yarnpkg.com/escape-string-regexp/-/escape-string-regexp-4.0.0.tgz#14ba83a5d373e3d311e5afca29cf5bfad965bf34"
  integrity sha512-TtpcNJ3XAzx3Gq8sWRzJaVajRs0uVxA2YAkdb1jm2YkPz4G6egUFAyA3n5vtEIZefPk5Wa4UXbKuS5fKkJWdgA==

fast-deep-equal@^3.1.3:
  version "3.1.3"
  resolved "https://registry.yarnpkg.com/fast-deep-equal/-/fast-deep-equal-3.1.3.tgz#3a7d56b559d6cbc3eb512325244e619a65c6c525"
  integrity sha512-f3qQ9oQy9j2AhBe/H9VC91wLmKBCCU/gDOnKNAYG5hswO7BLKj09Hc5HYNz9cGI++xlpDCIgDaitVs03ATR84Q==

filter-obj@^1.1.0:
  version "1.1.0"
  resolved "https://registry.yarnpkg.com/filter-obj/-/filter-obj-1.1.0.tgz#9b311112bc6c6127a16e016c6c5d7f19e0805c5b"
  integrity sha512-8rXg1ZnX7xzy2NGDVkBVaAy+lSlPNwad13BtgSlLuxfIslyt5Vg64U7tFcCt4WS1R0hvtnQybT/IyCkGZ3DpXQ==

is-arrayish@^0.3.1:
  version "0.3.2"
  resolved "https://registry.yarnpkg.com/is-arrayish/-/is-arrayish-0.3.2.tgz#4574a2ae56f7ab206896fb431eaeed066fdf8f03"
  integrity sha512-eVRqCvVlZbuw3GrM63ovNSNAeA1K16kaR/LRY/92w0zxQ5/1YzwblUX652i4Xs9RwAGjW9d9y6X88t8OaAJfWQ==

nanoid@^3.3.11:
  version "3.3.11"
  resolved "https://registry.yarnpkg.com/nanoid/-/nanoid-3.3.11.tgz#4f4f112cefbe303202f2199838128936266d185b"
  integrity sha512-N8SpfPUnUp1bK+PMYW8qSWdl9U+wwNWI4QKxOYDy9JAro3WMX7p2OeVRF9v+347pnakNevPmiHhNmZ2HbFA76w==

query-string@^7.1.3:
  version "7.1.3"
  resolved "https://registry.yarnpkg.com/query-string/-/query-string-7.1.3.tgz#a1cf90e994abb113a325804a972d98276fe02328"
  integrity sha512-hh2WYhq4fi8+b+/2Kg9CEge4fDPvHS534aOOvOZeQ3+Vf2mCFsaFBYj0i+iXcAq6I9Vzp5fjMFBlONvayDC1qg==
  dependencies:
    decode-uri-component "^0.2.2"
    filter-obj "^1.1.0"
    split-on-first "^1.0.0"
    strict-uri-encode "^2.0.0"

react-freeze@^1.0.0:
  version "1.0.4"
  resolved "https://registry.yarnpkg.com/react-freeze/-/react-freeze-1.0.4.tgz#cbbea2762b0368b05cbe407ddc9d518c57c6f3ad"
  integrity sha512-r4F0Sec0BLxWicc7HEyo2x3/2icUTrRmDjaaRyzzn+7aDyFZliszMDOgLVwSnQnYENOlL1o569Ze2HZefk8clA==

react-is@^19.1.0:
  version "19.1.1"
  resolved "https://registry.yarnpkg.com/react-is/-/react-is-19.1.1.tgz#038ebe313cf18e1fd1235d51c87360eb87f7c36a"
  integrity sha512-tr41fA15Vn8p4X9ntI+yCyeGSf1TlYaY5vlTZfQmeLBrFo3psOPX6HhTDnFNL9uj3EhP0KAQ80cugCl4b4BERA==

react-native-is-edge-to-edge@^1.2.1:
  version "1.2.1"
  resolved "https://registry.yarnpkg.com/react-native-is-edge-to-edge/-/react-native-is-edge-to-edge-1.2.1.tgz#64e10851abd9d176cbf2b40562f751622bde3358"
  integrity sha512-FLbPWl/MyYQWz+KwqOZsSyj2JmLKglHatd3xLZWskXOpRaio4LfEDEz8E/A6uD8QoTHW6Aobw1jbEwK7KMgR7Q==

react-native-safe-area-context@^5.6.1:
  version "5.6.1"
  resolved "https://registry.yarnpkg.com/react-native-safe-area-context/-/react-native-safe-area-context-5.6.1.tgz#cb4d249ef1a6f7e8fd0cfdfa9764838dffda26b6"
  integrity sha512-/wJE58HLEAkATzhhX1xSr+fostLsK8Q97EfpfMDKo8jlOc1QKESSX/FQrhk7HhQH/2uSaox4Y86sNaI02kteiA==

react-native-screens@^4.15.2:
  version "4.15.2"
  resolved "https://registry.yarnpkg.com/react-native-screens/-/react-native-screens-4.15.2.tgz#93ba015f5167a2fb5e2e2b71807f083ec8ed1ef2"
  integrity sha512-RA9fUT/5OTPJ2ML3BNUbe8UtfcU7iufE+r9sLr/IesFdBDj38bZiqmH88iorI5Vfgp7O3zf2aK390Tbkfp9Xfw==
  dependencies:
    react-freeze "^1.0.0"
    react-native-is-edge-to-edge "^1.2.1"
    warn-once "^0.1.0"

simple-swizzle@^0.2.2:
  version "0.2.2"
  resolved "https://registry.yarnpkg.com/simple-swizzle/-/simple-swizzle-0.2.2.tgz#a4da6b635ffcccca33f70d17cb92592de95e557a"
  integrity sha512-JA//kQgZtbuY83m+xT+tXJkmJncGMTFT+C+g2h2R9uxkYIrE2yy9sgmcLhCnw57/WSD+Eh3J97FPEDFnbXnDUg==
  dependencies:
    is-arrayish "^0.3.1"

split-on-first@^1.0.0:
  version "1.1.0"
  resolved "https://registry.yarnpkg.com/split-on-first/-/split-on-first-1.1.0.tgz#f610afeee3b12bce1d0c30425e76398b78249a5f"
  integrity sha512-43ZssAJaMusuKWL8sKUBQXHWOpq8d6CfN/u1p4gUzfJkM05C8rxTmYrkIPTXapZpORA6LkkzcUulJ8FqA7Uudw==

strict-uri-encode@^2.0.0:
  version "2.0.0"
  resolved "https://registry.yarnpkg.com/strict-uri-encode/-/strict-uri-encode-2.0.0.tgz#b9c7330c7042862f6b142dc274bbcc5866ce3546"
  integrity sha512-QwiXZgpRcKkhTj2Scnn++4PKtWsH0kpzZ62L2R6c/LUVYv7hVnZqcg2+sMuT6R7Jusu1vviK/MFsu6kNJfWlEQ==

use-latest-callback@^0.2.4:
  version "0.2.4"
  resolved "https://registry.yarnpkg.com/use-latest-callback/-/use-latest-callback-0.2.4.tgz#35c0f028f85a3f4cf025b06011110e87cc18f57e"
  integrity sha512-LS2s2n1usUUnDq4oVh1ca6JFX9uSqUncTfAm44WMg0v6TxL7POUTk1B044NH8TeLkFbNajIsgDHcgNpNzZucdg==

use-sync-external-store@^1.5.0:
  version "1.5.0"
  resolved "https://registry.yarnpkg.com/use-sync-external-store/-/use-sync-external-store-1.5.0.tgz#55122e2a3edd2a6c106174c27485e0fd59bcfca0"
  integrity sha512-Rb46I4cGGVBmjamjphe8L/UnvJD+uPPtTkNvX5mZgqdbavhI4EbgIWJiIHXJ8bc/i9EQGPRh4DwEURJ552Do0A==

warn-once@^0.1.0:
  version "0.1.1"
  resolved "https://registry.yarnpkg.com/warn-once/-/warn-once-0.1.1.tgz#952088f4fb56896e73fd4e6a3767272a3fccce43"
  integrity sha512-VkQZJbO8zVImzYFteBXvBOZEl1qL175WH8VmZcxF2fZAoudNhNDvHi+doCaAEdU2l2vtcIwa2zn0QK5+I1HQ3Q==
